
Microsoft Visual Studio Solution File, Format Version 12.00
# Visual Studio Version 17
VisualStudioVersion = 17.0.31903.59
MinimumVisualStudioVersion = 10.0.40219.1
Project("{FAE04EC0-301F-11D3-BF4B-00C04F79EFBC}") = "SeedCollectionApi", "SeedCollection.Api\SeedCollectionApi.csproj", "{DE9BA74D-B180-401D-B923-DBD10CABBF9C}"
EndProject
Project("{FAE04EC0-301F-11D3-BF4B-00C04F79EFBC}") = "SeedCollectionTest", "SeedCollection.Test\SeedCollectionTest.csproj", "{95A4DD25-C7A7-489E-902D-380A9D7EFBFD}"
EndProject
Global
	GlobalSection(SolutionConfigurationPlatforms) = preSolution
		Debug|Any CPU = Debug|Any CPU
		Release|Any CPU = Release|Any CPU
	EndGlobalSection
	GlobalSection(SolutionProperties) = preSolution
		HideSolutionNode = FALSE
	EndGlobalSection
	GlobalSection(ProjectConfigurationPlatforms) = postSolution
		{DE9BA74D-B180-401D-B923-DBD10CABBF9C}.Debug|Any CPU.ActiveCfg = Debug|Any CPU
		{DE9BA74D-B180-401D-B923-DBD10CABBF9C}.Debug|Any CPU.Build.0 = Debug|Any CPU
		{DE9BA74D-B180-401D-B923-DBD10CABBF9C}.Release|Any CPU.ActiveCfg = Release|Any CPU
		{DE9BA74D-B180-401D-B923-DBD10CABBF9C}.Release|Any CPU.Build.0 = Release|Any CPU
		{95A4DD25-C7A7-489E-902D-380A9D7EFBFD}.Debug|Any CPU.ActiveCfg = Debug|Any CPU
		{95A4DD25-C7A7-489E-902D-380A9D7EFBFD}.Debug|Any CPU.Build.0 = Debug|Any CPU
		{95A4DD25-C7A7-489E-902D-380A9D7EFBFD}.Release|Any CPU.ActiveCfg = Release|Any CPU
		{95A4DD25-C7A7-489E-902D-380A9D7EFBFD}.Release|Any CPU.Build.0 = Release|Any CPU
	EndGlobalSection
EndGlobal
