
Microsoft Visual Studio Solution File, Format Version 12.00
# Visual Studio Version 17
VisualStudioVersion = 17.0.31903.59
MinimumVisualStudioVersion = 10.0.40219.1
Project("{FAE04EC0-301F-11D3-BF4B-00C04F79EFBC}") = "TextProcessor.API", "TextProcessor.API\TextProcessor.API.csproj", "{1E5C4CA6-791E-4926-AAF2-881A537C6E9D}"
EndProject
Project("{FAE04EC0-301F-11D3-BF4B-00C04F79EFBC}") = "TextProcessor.Application", "TextProcessor.Application\TextProcessor.Application.csproj", "{45C121B2-09CD-4D4A-B258-5D0DDA91E04D}"
EndProject
Global
	GlobalSection(SolutionConfigurationPlatforms) = preSolution
		Debug|Any CPU = Debug|Any CPU
		Release|Any CPU = Release|Any CPU
	EndGlobalSection
	GlobalSection(SolutionProperties) = preSolution
		HideSolutionNode = FALSE
	EndGlobalSection
	GlobalSection(ProjectConfigurationPlatforms) = postSolution
		{1E5C4CA6-791E-4926-AAF2-881A537C6E9D}.Debug|Any CPU.ActiveCfg = Debug|Any CPU
		{1E5C4CA6-791E-4926-AAF2-881A537C6E9D}.Debug|Any CPU.Build.0 = Debug|Any CPU
		{1E5C4CA6-791E-4926-AAF2-881A537C6E9D}.Release|Any CPU.ActiveCfg = Release|Any CPU
		{1E5C4CA6-791E-4926-AAF2-881A537C6E9D}.Release|Any CPU.Build.0 = Release|Any CPU
		{45C121B2-09CD-4D4A-B258-5D0DDA91E04D}.Debug|Any CPU.ActiveCfg = Debug|Any CPU
		{45C121B2-09CD-4D4A-B258-5D0DDA91E04D}.Debug|Any CPU.Build.0 = Debug|Any CPU
		{45C121B2-09CD-4D4A-B258-5D0DDA91E04D}.Release|Any CPU.ActiveCfg = Release|Any CPU
		{45C121B2-09CD-4D4A-B258-5D0DDA91E04D}.Release|Any CPU.Build.0 = Release|Any CPU
	EndGlobalSection
EndGlobal
